
Microsoft Visual Studio Solution File, Format Version 12.00
# Visual Studio Version 17
VisualStudioVersion = 17.11.35327.3
MinimumVisualStudioVersion = 10.0.40219.1
Project("{FAE04EC0-301F-11D3-BF4B-00C04F79EFBC}") = "CustomAuth", "CustomAuth.csproj", "{E689E6E9-2D75-45C0-A0E0-3BF9E1696505}"
EndProject
Global
	GlobalSection(SolutionConfigurationPlatforms) = preSolution
		Debug|Any CPU = Debug|Any CPU
		Release|Any CPU = Release|Any CPU
	EndGlobalSection
	GlobalSection(ProjectConfigurationPlatforms) = postSolution
		{E689E6E9-2D75-45C0-A0E0-3BF9E1696505}.Debug|Any CPU.ActiveCfg = Debug|Any CPU
		{E689E6E9-2D75-45C0-A0E0-3BF9E1696505}.Debug|Any CPU.Build.0 = Debug|Any CPU
		{E689E6E9-2D75-45C0-A0E0-3BF9E1696505}.Release|Any CPU.ActiveCfg = Release|Any CPU
		{E689E6E9-2D75-45C0-A0E0-3BF9E1696505}.Release|Any CPU.Build.0 = Release|Any CPU
	EndGlobalSection
	GlobalSection(SolutionProperties) = preSolution
		HideSolutionNode = FALSE
	EndGlobalSection
	GlobalSection(ExtensibilityGlobals) = postSolution
		SolutionGuid = {E2488C86-364F-42F9-8370-0B8B416F9FE1}
	EndGlobalSection
EndGlobal
